
Microsoft Visual Studio Solution File, Format Version 12.00
# Visual Studio Version 17
VisualStudioVersion = 17.0.32112.339
MinimumVisualStudioVersion = 10.0.40219.1
Project("{9A19103F-16F7-4668-BE54-9A1E7A4F7556}") = "DeepNuralNetworks", "DeepNuralNetwork\DeepNuralNetworks.csproj", "{A76ED2CF-98FF-4E63-9B4C-FC83CFA1D338}"
EndProject
Global
	GlobalSection(SolutionConfigurationPlatforms) = preSolution
		Debug|Any CPU = Debug|Any CPU
		Release|Any CPU = Release|Any CPU
	EndGlobalSection
	GlobalSection(ProjectConfigurationPlatforms) = postSolution
		{A76ED2CF-98FF-4E63-9B4C-FC83CFA1D338}.Debug|Any CPU.ActiveCfg = Debug|Any CPU
		{A76ED2CF-98FF-4E63-9B4C-FC83CFA1D338}.Debug|Any CPU.Build.0 = Debug|Any CPU
		{A76ED2CF-98FF-4E63-9B4C-FC83CFA1D338}.Release|Any CPU.ActiveCfg = Release|Any CPU
		{A76ED2CF-98FF-4E63-9B4C-FC83CFA1D338}.Release|Any CPU.Build.0 = Release|Any CPU
	EndGlobalSection
	GlobalSection(SolutionProperties) = preSolution
		HideSolutionNode = FALSE
	EndGlobalSection
	GlobalSection(ExtensibilityGlobals) = postSolution
		SolutionGuid = {D27B251F-1F40-4CF2-AF58-B84E04B3ADC9}
	EndGlobalSection
EndGlobal
